
Microsoft Visual Studio Solution File, Format Version 12.00
# Visual Studio Version 16
VisualStudioVersion = 16.0.30717.126
MinimumVisualStudioVersion = 10.0.40219.1
Project("{2150E333-8FDC-42A3-9474-1A3956D46DE8}") = "ML", "ML", "{5811EE25-C8B1-4572-A4D5-C489A8A86EEC}"
EndProject
Project("{2150E333-8FDC-42A3-9474-1A3956D46DE8}") = "Models", "Models", "{A7A04951-844A-4265-A4A2-9DD1B666FCD4}"
EndProject
Project("{2150E333-8FDC-42A3-9474-1A3956D46DE8}") = "Web", "Web", "{B137E939-4891-40C6-A7ED-8EC2FDAA7D0E}"
EndProject
Project("{2150E333-8FDC-42A3-9474-1A3956D46DE8}") = "Mobile", "Mobile", "{25738BA2-3C9B-4DBD-BB27-BD82A5DB88DF}"
EndProject
Project("{9A19103F-16F7-4668-BE54-9A1E7A4F7556}") = "TaxiFarePrediction.ML", "TaxiFarePrediction.ML\TaxiFarePrediction.ML.csproj", "{55357D02-4871-490E-9EA9-A44AC7AD2402}"
EndProject
Project("{9A19103F-16F7-4668-BE54-9A1E7A4F7556}") = "TaxiFarePrediction.Web", "TaxiFarePrecition.Web\TaxiFarePrediction.Web.csproj", "{20D5D11A-885E-4458-B1F9-8E8A80E74EA3}"
EndProject
Project("{9A19103F-16F7-4668-BE54-9A1E7A4F7556}") = "TaxiFarePrediction.Models", "TaxiFarePrediction.Models\TaxiFarePrediction.Models.csproj", "{E0FEF379-2921-43FE-9588-9386720B41E2}"
EndProject
Project("{FAE04EC0-301F-11D3-BF4B-00C04F79EFBC}") = "TaxiFarePrediction.Mobile.UWP", "TaxiFarePrediction.Mobile\TaxiFarePrediction.Mobile.UWP\TaxiFarePrediction.Mobile.UWP.csproj", "{F58168C3-847F-44F9-844E-3A69B253711E}"
EndProject
Project("{FAE04EC0-301F-11D3-BF4B-00C04F79EFBC}") = "TaxiFarePrediction.Mobile.Android", "TaxiFarePrediction.Mobile\TaxiFarePrediction.Mobile.Android\TaxiFarePrediction.Mobile.Android.csproj", "{42DA8007-43FE-45CA-84ED-EBFA1785E106}"
EndProject
Project("{FAE04EC0-301F-11D3-BF4B-00C04F79EFBC}") = "TaxiFarePrediction.Mobile.iOS", "TaxiFarePrediction.Mobile\TaxiFarePrediction.Mobile.iOS\TaxiFarePrediction.Mobile.iOS.csproj", "{420E4B2B-A0EE-4800-998A-86223086D5C4}"
EndProject
Project("{FAE04EC0-301F-11D3-BF4B-00C04F79EFBC}") = "TaxiFarePrediction.Mobile", "TaxiFarePrediction.Mobile\TaxiFarePrediction.Mobile\TaxiFarePrediction.Mobile.csproj", "{E8CDBA31-4A92-40FD-9049-AF54B4B6D568}"
EndProject
Global
	GlobalSection(SolutionConfigurationPlatforms) = preSolution
		Debug|Any CPU = Debug|Any CPU
		Debug|ARM = Debug|ARM
		Debug|iPhone = Debug|iPhone
		Debug|iPhoneSimulator = Debug|iPhoneSimulator
		Debug|x64 = Debug|x64
		Debug|x86 = Debug|x86
		Release|Any CPU = Release|Any CPU
		Release|ARM = Release|ARM
		Release|iPhone = Release|iPhone
		Release|iPhoneSimulator = Release|iPhoneSimulator
		Release|x64 = Release|x64
		Release|x86 = Release|x86
	EndGlobalSection
	GlobalSection(ProjectConfigurationPlatforms) = postSolution
		{55357D02-4871-490E-9EA9-A44AC7AD2402}.Debug|Any CPU.ActiveCfg = Debug|Any CPU
		{55357D02-4871-490E-9EA9-A44AC7AD2402}.Debug|Any CPU.Build.0 = Debug|Any CPU
		{55357D02-4871-490E-9EA9-A44AC7AD2402}.Debug|ARM.ActiveCfg = Debug|Any CPU
		{55357D02-4871-490E-9EA9-A44AC7AD2402}.Debug|ARM.Build.0 = Debug|Any CPU
		{55357D02-4871-490E-9EA9-A44AC7AD2402}.Debug|iPhone.ActiveCfg = Debug|Any CPU
		{55357D02-4871-490E-9EA9-A44AC7AD2402}.Debug|iPhone.Build.0 = Debug|Any CPU
		{55357D02-4871-490E-9EA9-A44AC7AD2402}.Debug|iPhoneSimulator.ActiveCfg = Debug|Any CPU
		{55357D02-4871-490E-9EA9-A44AC7AD2402}.Debug|iPhoneSimulator.Build.0 = Debug|Any CPU
		{55357D02-4871-490E-9EA9-A44AC7AD2402}.Debug|x64.ActiveCfg = Debug|Any CPU
		{55357D02-4871-490E-9EA9-A44AC7AD2402}.Debug|x64.Build.0 = Debug|Any CPU
		{55357D02-4871-490E-9EA9-A44AC7AD2402}.Debug|x86.ActiveCfg = Debug|Any CPU
		{55357D02-4871-490E-9EA9-A44AC7AD2402}.Debug|x86.Build.0 = Debug|Any CPU
		{55357D02-4871-490E-9EA9-A44AC7AD2402}.Release|Any CPU.ActiveCfg = Release|Any CPU
		{55357D02-4871-490E-9EA9-A44AC7AD2402}.Release|Any CPU.Build.0 = Release|Any CPU
		{55357D02-4871-490E-9EA9-A44AC7AD2402}.Release|ARM.ActiveCfg = Release|Any CPU
		{55357D02-4871-490E-9EA9-A44AC7AD2402}.Release|ARM.Build.0 = Release|Any CPU
		{55357D02-4871-490E-9EA9-A44AC7AD2402}.Release|iPhone.ActiveCfg = Release|Any CPU
		{55357D02-4871-490E-9EA9-A44AC7AD2402}.Release|iPhone.Build.0 = Release|Any CPU
		{55357D02-4871-490E-9EA9-A44AC7AD2402}.Release|iPhoneSimulator.ActiveCfg = Release|Any CPU
		{55357D02-4871-490E-9EA9-A44AC7AD2402}.Release|iPhoneSimulator.Build.0 = Release|Any CPU
		{55357D02-4871-490E-9EA9-A44AC7AD2402}.Release|x64.ActiveCfg = Release|Any CPU
		{55357D02-4871-490E-9EA9-A44AC7AD2402}.Release|x64.Build.0 = Release|Any CPU
		{55357D02-4871-490E-9EA9-A44AC7AD2402}.Release|x86.ActiveCfg = Release|Any CPU
		{55357D02-4871-490E-9EA9-A44AC7AD2402}.Release|x86.Build.0 = Release|Any CPU
		{20D5D11A-885E-4458-B1F9-8E8A80E74EA3}.Debug|Any CPU.ActiveCfg = Debug|Any CPU
		{20D5D11A-885E-4458-B1F9-8E8A80E74EA3}.Debug|Any CPU.Build.0 = Debug|Any CPU
		{20D5D11A-885E-4458-B1F9-8E8A80E74EA3}.Debug|ARM.ActiveCfg = Debug|Any CPU
		{20D5D11A-885E-4458-B1F9-8E8A80E74EA3}.Debug|ARM.Build.0 = Debug|Any CPU
		{20D5D11A-885E-4458-B1F9-8E8A80E74EA3}.Debug|iPhone.ActiveCfg = Debug|Any CPU
		{20D5D11A-885E-4458-B1F9-8E8A80E74EA3}.Debug|iPhone.Build.0 = Debug|Any CPU
		{20D5D11A-885E-4458-B1F9-8E8A80E74EA3}.Debug|iPhoneSimulator.ActiveCfg = Debug|Any CPU
		{20D5D11A-885E-4458-B1F9-8E8A80E74EA3}.Debug|iPhoneSimulator.Build.0 = Debug|Any CPU
		{20D5D11A-885E-4458-B1F9-8E8A80E74EA3}.Debug|x64.ActiveCfg = Debug|Any CPU
		{20D5D11A-885E-4458-B1F9-8E8A80E74EA3}.Debug|x64.Build.0 = Debug|Any CPU
		{20D5D11A-885E-4458-B1F9-8E8A80E74EA3}.Debug|x86.ActiveCfg = Debug|Any CPU
		{20D5D11A-885E-4458-B1F9-8E8A80E74EA3}.Debug|x86.Build.0 = Debug|Any CPU
		{20D5D11A-885E-4458-B1F9-8E8A80E74EA3}.Release|Any CPU.ActiveCfg = Release|Any CPU
		{20D5D11A-885E-4458-B1F9-8E8A80E74EA3}.Release|Any CPU.Build.0 = Release|Any CPU
		{20D5D11A-885E-4458-B1F9-8E8A80E74EA3}.Release|ARM.ActiveCfg = Release|Any CPU
		{20D5D11A-885E-4458-B1F9-8E8A80E74EA3}.Release|ARM.Build.0 = Release|Any CPU
		{20D5D11A-885E-4458-B1F9-8E8A80E74EA3}.Release|iPhone.ActiveCfg = Release|Any CPU
		{20D5D11A-885E-4458-B1F9-8E8A80E74EA3}.Release|iPhone.Build.0 = Release|Any CPU
		{20D5D11A-885E-4458-B1F9-8E8A80E74EA3}.Release|iPhoneSimulator.ActiveCfg = Release|Any CPU
		{20D5D11A-885E-4458-B1F9-8E8A80E74EA3}.Release|iPhoneSimulator.Build.0 = Release|Any CPU
		{20D5D11A-885E-4458-B1F9-8E8A80E74EA3}.Release|x64.ActiveCfg = Release|Any CPU
		{20D5D11A-885E-4458-B1F9-8E8A80E74EA3}.Release|x64.Build.0 = Release|Any CPU
		{20D5D11A-885E-4458-B1F9-8E8A80E74EA3}.Release|x86.ActiveCfg = Release|Any CPU
		{20D5D11A-885E-4458-B1F9-8E8A80E74EA3}.Release|x86.Build.0 = Release|Any CPU
		{E0FEF379-2921-43FE-9588-9386720B41E2}.Debug|Any CPU.ActiveCfg = Debug|Any CPU
		{E0FEF379-2921-43FE-9588-9386720B41E2}.Debug|Any CPU.Build.0 = Debug|Any CPU
		{E0FEF379-2921-43FE-9588-9386720B41E2}.Debug|ARM.ActiveCfg = Debug|Any CPU
		{E0FEF379-2921-43FE-9588-9386720B41E2}.Debug|ARM.Build.0 = Debug|Any CPU
		{E0FEF379-2921-43FE-9588-9386720B41E2}.Debug|iPhone.ActiveCfg = Debug|Any CPU
		{E0FEF379-2921-43FE-9588-9386720B41E2}.Debug|iPhone.Build.0 = Debug|Any CPU
		{E0FEF379-2921-43FE-9588-9386720B41E2}.Debug|iPhoneSimulator.ActiveCfg = Debug|Any CPU
		{E0FEF379-2921-43FE-9588-9386720B41E2}.Debug|iPhoneSimulator.Build.0 = Debug|Any CPU
		{E0FEF379-2921-43FE-9588-9386720B41E2}.Debug|x64.ActiveCfg = Debug|Any CPU
		{E0FEF379-2921-43FE-9588-9386720B41E2}.Debug|x64.Build.0 = Debug|Any CPU
		{E0FEF379-2921-43FE-9588-9386720B41E2}.Debug|x86.ActiveCfg = Debug|Any CPU
		{E0FEF379-2921-43FE-9588-9386720B41E2}.Debug|x86.Build.0 = Debug|Any CPU
		{E0FEF379-2921-43FE-9588-9386720B41E2}.Release|Any CPU.ActiveCfg = Release|Any CPU
		{E0FEF379-2921-43FE-9588-9386720B41E2}.Release|Any CPU.Build.0 = Release|Any CPU
		{E0FEF379-2921-43FE-9588-9386720B41E2}.Release|ARM.ActiveCfg = Release|Any CPU
		{E0FEF379-2921-43FE-9588-9386720B41E2}.Release|ARM.Build.0 = Release|Any CPU
		{E0FEF379-2921-43FE-9588-9386720B41E2}.Release|iPhone.ActiveCfg = Release|Any CPU
		{E0FEF379-2921-43FE-9588-9386720B41E2}.Release|iPhone.Build.0 = Release|Any CPU
		{E0FEF379-2921-43FE-9588-9386720B41E2}.Release|iPhoneSimulator.ActiveCfg = Release|Any CPU
		{E0FEF379-2921-43FE-9588-9386720B41E2}.Release|iPhoneSimulator.Build.0 = Release|Any CPU
		{E0FEF379-2921-43FE-9588-9386720B41E2}.Release|x64.ActiveCfg = Release|Any CPU
		{E0FEF379-2921-43FE-9588-9386720B41E2}.Release|x64.Build.0 = Release|Any CPU
		{E0FEF379-2921-43FE-9588-9386720B41E2}.Release|x86.ActiveCfg = Release|Any CPU
		{E0FEF379-2921-43FE-9588-9386720B41E2}.Release|x86.Build.0 = Release|Any CPU
		{F58168C3-847F-44F9-844E-3A69B253711E}.Debug|Any CPU.ActiveCfg = Debug|x86
		{F58168C3-847F-44F9-844E-3A69B253711E}.Debug|ARM.ActiveCfg = Debug|ARM
		{F58168C3-847F-44F9-844E-3A69B253711E}.Debug|ARM.Build.0 = Debug|ARM
		{F58168C3-847F-44F9-844E-3A69B253711E}.Debug|ARM.Deploy.0 = Debug|ARM
		{F58168C3-847F-44F9-844E-3A69B253711E}.Debug|iPhone.ActiveCfg = Debug|x86
		{F58168C3-847F-44F9-844E-3A69B253711E}.Debug|iPhoneSimulator.ActiveCfg = Debug|x86
		{F58168C3-847F-44F9-844E-3A69B253711E}.Debug|x64.ActiveCfg = Debug|x64
		{F58168C3-847F-44F9-844E-3A69B253711E}.Debug|x64.Build.0 = Debug|x64
		{F58168C3-847F-44F9-844E-3A69B253711E}.Debug|x64.Deploy.0 = Debug|x64
		{F58168C3-847F-44F9-844E-3A69B253711E}.Debug|x86.ActiveCfg = Debug|x86
		{F58168C3-847F-44F9-844E-3A69B253711E}.Debug|x86.Build.0 = Debug|x86
		{F58168C3-847F-44F9-844E-3A69B253711E}.Debug|x86.Deploy.0 = Debug|x86
		{F58168C3-847F-44F9-844E-3A69B253711E}.Release|Any CPU.ActiveCfg = Release|x86
		{F58168C3-847F-44F9-844E-3A69B253711E}.Release|ARM.ActiveCfg = Release|ARM
		{F58168C3-847F-44F9-844E-3A69B253711E}.Release|ARM.Build.0 = Release|ARM
		{F58168C3-847F-44F9-844E-3A69B253711E}.Release|ARM.Deploy.0 = Release|ARM
		{F58168C3-847F-44F9-844E-3A69B253711E}.Release|iPhone.ActiveCfg = Release|x86
		{F58168C3-847F-44F9-844E-3A69B253711E}.Release|iPhoneSimulator.ActiveCfg = Release|x86
		{F58168C3-847F-44F9-844E-3A69B253711E}.Release|x64.ActiveCfg = Release|x64
		{F58168C3-847F-44F9-844E-3A69B253711E}.Release|x64.Build.0 = Release|x64
		{F58168C3-847F-44F9-844E-3A69B253711E}.Release|x64.Deploy.0 = Release|x64
		{F58168C3-847F-44F9-844E-3A69B253711E}.Release|x86.ActiveCfg = Release|x86
		{F58168C3-847F-44F9-844E-3A69B253711E}.Release|x86.Build.0 = Release|x86
		{F58168C3-847F-44F9-844E-3A69B253711E}.Release|x86.Deploy.0 = Release|x86
		{42DA8007-43FE-45CA-84ED-EBFA1785E106}.Debug|Any CPU.ActiveCfg = Debug|Any CPU
		{42DA8007-43FE-45CA-84ED-EBFA1785E106}.Debug|Any CPU.Build.0 = Debug|Any CPU
		{42DA8007-43FE-45CA-84ED-EBFA1785E106}.Debug|Any CPU.Deploy.0 = Debug|Any CPU
		{42DA8007-43FE-45CA-84ED-EBFA1785E106}.Debug|ARM.ActiveCfg = Debug|Any CPU
		{42DA8007-43FE-45CA-84ED-EBFA1785E106}.Debug|ARM.Build.0 = Debug|Any CPU
		{42DA8007-43FE-45CA-84ED-EBFA1785E106}.Debug|ARM.Deploy.0 = Debug|Any CPU
		{42DA8007-43FE-45CA-84ED-EBFA1785E106}.Debug|iPhone.ActiveCfg = Debug|Any CPU
		{42DA8007-43FE-45CA-84ED-EBFA1785E106}.Debug|iPhone.Build.0 = Debug|Any CPU
		{42DA8007-43FE-45CA-84ED-EBFA1785E106}.Debug|iPhone.Deploy.0 = Debug|Any CPU
		{42DA8007-43FE-45CA-84ED-EBFA1785E106}.Debug|iPhoneSimulator.ActiveCfg = Debug|Any CPU
		{42DA8007-43FE-45CA-84ED-EBFA1785E106}.Debug|iPhoneSimulator.Build.0 = Debug|Any CPU
		{42DA8007-43FE-45CA-84ED-EBFA1785E106}.Debug|iPhoneSimulator.Deploy.0 = Debug|Any CPU
		{42DA8007-43FE-45CA-84ED-EBFA1785E106}.Debug|x64.ActiveCfg = Debug|Any CPU
		{42DA8007-43FE-45CA-84ED-EBFA1785E106}.Debug|x64.Build.0 = Debug|Any CPU
		{42DA8007-43FE-45CA-84ED-EBFA1785E106}.Debug|x64.Deploy.0 = Debug|Any CPU
		{42DA8007-43FE-45CA-84ED-EBFA1785E106}.Debug|x86.ActiveCfg = Debug|Any CPU
		{42DA8007-43FE-45CA-84ED-EBFA1785E106}.Debug|x86.Build.0 = Debug|Any CPU
		{42DA8007-43FE-45CA-84ED-EBFA1785E106}.Debug|x86.Deploy.0 = Debug|Any CPU
		{42DA8007-43FE-45CA-84ED-EBFA1785E106}.Release|Any CPU.ActiveCfg = Release|Any CPU
		{42DA8007-43FE-45CA-84ED-EBFA1785E106}.Release|Any CPU.Build.0 = Release|Any CPU
		{42DA8007-43FE-45CA-84ED-EBFA1785E106}.Release|Any CPU.Deploy.0 = Release|Any CPU
		{42DA8007-43FE-45CA-84ED-EBFA1785E106}.Release|ARM.ActiveCfg = Release|Any CPU
		{42DA8007-43FE-45CA-84ED-EBFA1785E106}.Release|ARM.Build.0 = Release|Any CPU
		{42DA8007-43FE-45CA-84ED-EBFA1785E106}.Release|ARM.Deploy.0 = Release|Any CPU
		{42DA8007-43FE-45CA-84ED-EBFA1785E106}.Release|iPhone.ActiveCfg = Release|Any CPU
		{42DA8007-43FE-45CA-84ED-EBFA1785E106}.Release|iPhone.Build.0 = Release|Any CPU
		{42DA8007-43FE-45CA-84ED-EBFA1785E106}.Release|iPhone.Deploy.0 = Release|Any CPU
		{42DA8007-43FE-45CA-84ED-EBFA1785E106}.Release|iPhoneSimulator.ActiveCfg = Release|Any CPU
		{42DA8007-43FE-45CA-84ED-EBFA1785E106}.Release|iPhoneSimulator.Build.0 = Release|Any CPU
		{42DA8007-43FE-45CA-84ED-EBFA1785E106}.Release|iPhoneSimulator.Deploy.0 = Release|Any CPU
		{42DA8007-43FE-45CA-84ED-EBFA1785E106}.Release|x64.ActiveCfg = Release|Any CPU
		{42DA8007-43FE-45CA-84ED-EBFA1785E106}.Release|x64.Build.0 = Release|Any CPU
		{42DA8007-43FE-45CA-84ED-EBFA1785E106}.Release|x64.Deploy.0 = Release|Any CPU
		{42DA8007-43FE-45CA-84ED-EBFA1785E106}.Release|x86.ActiveCfg = Release|Any CPU
		{42DA8007-43FE-45CA-84ED-EBFA1785E106}.Release|x86.Build.0 = Release|Any CPU
		{42DA8007-43FE-45CA-84ED-EBFA1785E106}.Release|x86.Deploy.0 = Release|Any CPU
		{420E4B2B-A0EE-4800-998A-86223086D5C4}.Debug|Any CPU.ActiveCfg = Debug|iPhoneSimulator
		{420E4B2B-A0EE-4800-998A-86223086D5C4}.Debug|ARM.ActiveCfg = Debug|iPhoneSimulator
		{420E4B2B-A0EE-4800-998A-86223086D5C4}.Debug|iPhone.ActiveCfg = Debug|iPhone
		{420E4B2B-A0EE-4800-998A-86223086D5C4}.Debug|iPhone.Build.0 = Debug|iPhone
		{420E4B2B-A0EE-4800-998A-86223086D5C4}.Debug|iPhoneSimulator.ActiveCfg = Debug|iPhoneSimulator
		{420E4B2B-A0EE-4800-998A-86223086D5C4}.Debug|iPhoneSimulator.Build.0 = Debug|iPhoneSimulator
		{420E4B2B-A0EE-4800-998A-86223086D5C4}.Debug|x64.ActiveCfg = Debug|iPhoneSimulator
		{420E4B2B-A0EE-4800-998A-86223086D5C4}.Debug|x86.ActiveCfg = Debug|iPhoneSimulator
		{420E4B2B-A0EE-4800-998A-86223086D5C4}.Release|Any CPU.ActiveCfg = Release|iPhoneSimulator
		{420E4B2B-A0EE-4800-998A-86223086D5C4}.Release|ARM.ActiveCfg = Release|iPhoneSimulator
		{420E4B2B-A0EE-4800-998A-86223086D5C4}.Release|iPhone.ActiveCfg = Release|iPhone
		{420E4B2B-A0EE-4800-998A-86223086D5C4}.Release|iPhone.Build.0 = Release|iPhone
		{420E4B2B-A0EE-4800-998A-86223086D5C4}.Release|iPhoneSimulator.ActiveCfg = Release|iPhoneSimulator
		{420E4B2B-A0EE-4800-998A-86223086D5C4}.Release|iPhoneSimulator.Build.0 = Release|iPhoneSimulator
		{420E4B2B-A0EE-4800-998A-86223086D5C4}.Release|x64.ActiveCfg = Release|iPhoneSimulator
		{420E4B2B-A0EE-4800-998A-86223086D5C4}.Release|x86.ActiveCfg = Release|iPhoneSimulator
		{E8CDBA31-4A92-40FD-9049-AF54B4B6D568}.Debug|Any CPU.ActiveCfg = Debug|Any CPU
		{E8CDBA31-4A92-40FD-9049-AF54B4B6D568}.Debug|Any CPU.Build.0 = Debug|Any CPU
		{E8CDBA31-4A92-40FD-9049-AF54B4B6D568}.Debug|ARM.ActiveCfg = Debug|Any CPU
		{E8CDBA31-4A92-40FD-9049-AF54B4B6D568}.Debug|ARM.Build.0 = Debug|Any CPU
		{E8CDBA31-4A92-40FD-9049-AF54B4B6D568}.Debug|iPhone.ActiveCfg = Debug|Any CPU
		{E8CDBA31-4A92-40FD-9049-AF54B4B6D568}.Debug|iPhone.Build.0 = Debug|Any CPU
		{E8CDBA31-4A92-40FD-9049-AF54B4B6D568}.Debug|iPhoneSimulator.ActiveCfg = Debug|Any CPU
		{E8CDBA31-4A92-40FD-9049-AF54B4B6D568}.Debug|iPhoneSimulator.Build.0 = Debug|Any CPU
		{E8CDBA31-4A92-40FD-9049-AF54B4B6D568}.Debug|x64.ActiveCfg = Debug|Any CPU
		{E8CDBA31-4A92-40FD-9049-AF54B4B6D568}.Debug|x64.Build.0 = Debug|Any CPU
		{E8CDBA31-4A92-40FD-9049-AF54B4B6D568}.Debug|x86.ActiveCfg = Debug|Any CPU
		{E8CDBA31-4A92-40FD-9049-AF54B4B6D568}.Debug|x86.Build.0 = Debug|Any CPU
		{E8CDBA31-4A92-40FD-9049-AF54B4B6D568}.Release|Any CPU.ActiveCfg = Release|Any CPU
		{E8CDBA31-4A92-40FD-9049-AF54B4B6D568}.Release|Any CPU.Build.0 = Release|Any CPU
		{E8CDBA31-4A92-40FD-9049-AF54B4B6D568}.Release|ARM.ActiveCfg = Release|Any CPU
		{E8CDBA31-4A92-40FD-9049-AF54B4B6D568}.Release|ARM.Build.0 = Release|Any CPU
		{E8CDBA31-4A92-40FD-9049-AF54B4B6D568}.Release|iPhone.ActiveCfg = Release|Any CPU
		{E8CDBA31-4A92-40FD-9049-AF54B4B6D568}.Release|iPhone.Build.0 = Release|Any CPU
		{E8CDBA31-4A92-40FD-9049-AF54B4B6D568}.Release|iPhoneSimulator.ActiveCfg = Release|Any CPU
		{E8CDBA31-4A92-40FD-9049-AF54B4B6D568}.Release|iPhoneSimulator.Build.0 = Release|Any CPU
		{E8CDBA31-4A92-40FD-9049-AF54B4B6D568}.Release|x64.ActiveCfg = Release|Any CPU
		{E8CDBA31-4A92-40FD-9049-AF54B4B6D568}.Release|x64.Build.0 = Release|Any CPU
		{E8CDBA31-4A92-40FD-9049-AF54B4B6D568}.Release|x86.ActiveCfg = Release|Any CPU
		{E8CDBA31-4A92-40FD-9049-AF54B4B6D568}.Release|x86.Build.0 = Release|Any CPU
	EndGlobalSection
	GlobalSection(SolutionProperties) = preSolution
		HideSolutionNode = FALSE
	EndGlobalSection
	GlobalSection(NestedProjects) = preSolution
		{55357D02-4871-490E-9EA9-A44AC7AD2402} = {5811EE25-C8B1-4572-A4D5-C489A8A86EEC}
		{20D5D11A-885E-4458-B1F9-8E8A80E74EA3} = {B137E939-4891-40C6-A7ED-8EC2FDAA7D0E}
		{E0FEF379-2921-43FE-9588-9386720B41E2} = {A7A04951-844A-4265-A4A2-9DD1B666FCD4}
		{F58168C3-847F-44F9-844E-3A69B253711E} = {25738BA2-3C9B-4DBD-BB27-BD82A5DB88DF}
		{42DA8007-43FE-45CA-84ED-EBFA1785E106} = {25738BA2-3C9B-4DBD-BB27-BD82A5DB88DF}
		{420E4B2B-A0EE-4800-998A-86223086D5C4} = {25738BA2-3C9B-4DBD-BB27-BD82A5DB88DF}
		{E8CDBA31-4A92-40FD-9049-AF54B4B6D568} = {25738BA2-3C9B-4DBD-BB27-BD82A5DB88DF}
	EndGlobalSection
	GlobalSection(ExtensibilityGlobals) = postSolution
		SolutionGuid = {A78A76D1-5BDB-4981-93C1-ECEE8E9CD7B9}
	EndGlobalSection
EndGlobal
